
Microsoft Visual Studio Solution File, Format Version 12.00
# Visual Studio Version 16
VisualStudioVersion = 16.0.30804.86
MinimumVisualStudioVersion = 10.0.40219.1
Project("{9A19103F-16F7-4668-BE54-9A1E7A4F7556}") = "WDLT.Clients.PS3838", "WDLT.Clients.PS3838\WDLT.Clients.PS3838.csproj", "{ACBB235B-57EA-488A-B222-E3713A08CC89}"
EndProject
Project("{9A19103F-16F7-4668-BE54-9A1E7A4F7556}") = "WDLT.Clients.Base", "..\WDLT.Clients.Base\WDLT.Clients.Base\WDLT.Clients.Base.csproj", "{3338465A-B45D-4204-8EA8-3794E591418A}"
EndProject
Global
	GlobalSection(SolutionConfigurationPlatforms) = preSolution
		Debug|Any CPU = Debug|Any CPU
		Release|Any CPU = Release|Any CPU
	EndGlobalSection
	GlobalSection(ProjectConfigurationPlatforms) = postSolution
		{ACBB235B-57EA-488A-B222-E3713A08CC89}.Debug|Any CPU.ActiveCfg = Debug|Any CPU
		{ACBB235B-57EA-488A-B222-E3713A08CC89}.Debug|Any CPU.Build.0 = Debug|Any CPU
		{ACBB235B-57EA-488A-B222-E3713A08CC89}.Release|Any CPU.ActiveCfg = Release|Any CPU
		{ACBB235B-57EA-488A-B222-E3713A08CC89}.Release|Any CPU.Build.0 = Release|Any CPU
		{3338465A-B45D-4204-8EA8-3794E591418A}.Debug|Any CPU.ActiveCfg = Debug|Any CPU
		{3338465A-B45D-4204-8EA8-3794E591418A}.Debug|Any CPU.Build.0 = Debug|Any CPU
		{3338465A-B45D-4204-8EA8-3794E591418A}.Release|Any CPU.ActiveCfg = Release|Any CPU
		{3338465A-B45D-4204-8EA8-3794E591418A}.Release|Any CPU.Build.0 = Release|Any CPU
	EndGlobalSection
	GlobalSection(SolutionProperties) = preSolution
		HideSolutionNode = FALSE
	EndGlobalSection
	GlobalSection(ExtensibilityGlobals) = postSolution
		SolutionGuid = {9A80DC40-DD02-45DF-9BA9-F31AC1D9AD0F}
	EndGlobalSection
EndGlobal
